<?xml version="1.0" encoding="UTF-8"?>
<CONFIG>
  <ProjectOptions>
    <Version Value="12"/>
    <PathDelim Value="\"/>
    <General>
      <Flags>
        <MainUnitHasUsesSectionForAllUnits Value="False"/>
      </Flags>
      <SessionStorage Value="InProjectDir"/>
      <Title Value="Resources Parser"/>
      <Scaled Value="True"/>
      <ResourceType Value="res"/>
      <UseXPManifest Value="True"/>
      <XPManifest>
        <DpiAware Value="True"/>
      </XPManifest>
      <Icon Value="0"/>
    </General>
    <BuildModes>
      <Item Name="DebugLinux64" Default="True"/>
      <Item Name="DebugWin64">
        <CompilerOptions>
          <Version Value="11"/>
          <Target>
            <Filename Value="resourcesParser"/>
          </Target>
          <SearchPaths>
            <IncludeFiles Value="$(ProjOutDir)"/>
            <OtherUnitFiles Value="placeholderReplacers"/>
            <UnitOutputDirectory Value="lib/$(TargetCPU)-$(TargetOS)"/>
          </SearchPaths>
          <Parsing>
            <SyntaxOptions>
              <IncludeAssertionCode Value="True"/>
            </SyntaxOptions>
          </Parsing>
          <CodeGeneration>
            <Checks>
              <IOChecks Value="True"/>
              <RangeChecks Value="True"/>
              <OverflowChecks Value="True"/>
              <StackChecks Value="True"/>
            </Checks>
            <VerifyObjMethodCallValidity Value="True"/>
            <TargetCPU Value="x86_64"/>
            <TargetOS Value="win64"/>
          </CodeGeneration>
          <Linking>
            <Debugging>
              <UseHeaptrc Value="True"/>
              <TrashVariables Value="True"/>
              <UseExternalDbgSyms Value="True"/>
            </Debugging>
            <Options>
              <Win32>
                <GraphicApplication Value="True"/>
              </Win32>
            </Options>
          </Linking>
        </CompilerOptions>
      </Item>
      <Item Name="ReleaseLinux64">
        <CompilerOptions>
          <Version Value="11"/>
          <Target>
            <Filename Value="resourcesParser"/>
          </Target>
          <SearchPaths>
            <IncludeFiles Value="$(ProjOutDir)"/>
            <OtherUnitFiles Value="placeholderReplacers"/>
            <UnitOutputDirectory Value="lib/$(TargetCPU)-$(TargetOS)"/>
          </SearchPaths>
          <CodeGeneration>
            <SmartLinkUnit Value="True"/>
            <TargetCPU Value="x86_64"/>
            <TargetOS Value="linux"/>
            <Optimizations>
              <OptimizationLevel Value="3"/>
            </Optimizations>
          </CodeGeneration>
          <Linking>
            <Debugging>
              <GenerateDebugInfo Value="False"/>
            </Debugging>
            <LinkSmart Value="True"/>
            <Options>
              <Win32>
                <GraphicApplication Value="True"/>
              </Win32>
            </Options>
          </Linking>
        </CompilerOptions>
      </Item>
      <Item Name="ReleaseWin64">
        <CompilerOptions>
          <Version Value="11"/>
          <Target>
            <Filename Value="resourcesParser"/>
          </Target>
          <SearchPaths>
            <IncludeFiles Value="$(ProjOutDir)"/>
            <OtherUnitFiles Value="placeholderReplacers"/>
            <UnitOutputDirectory Value="lib/$(TargetCPU)-$(TargetOS)"/>
          </SearchPaths>
          <CodeGeneration>
            <SmartLinkUnit Value="True"/>
            <TargetCPU Value="x86_64"/>
            <TargetOS Value="win64"/>
            <Optimizations>
              <OptimizationLevel Value="3"/>
            </Optimizations>
          </CodeGeneration>
          <Linking>
            <Debugging>
              <GenerateDebugInfo Value="False"/>
            </Debugging>
            <LinkSmart Value="True"/>
            <Options>
              <Win32>
                <GraphicApplication Value="True"/>
              </Win32>
            </Options>
          </Linking>
        </CompilerOptions>
      </Item>
    </BuildModes>
    <PublishOptions>
      <Version Value="2"/>
      <UseFileFilters Value="True"/>
    </PublishOptions>
    <RunParams>
      <FormatVersion Value="2"/>
    </RunParams>
    <RequiredPackages>
      <Item>
        <PackageName Value="LazUtils"/>
      </Item>
      <Item>
        <PackageName Value="LCL"/>
      </Item>
    </RequiredPackages>
    <Units>
      <Unit>
        <Filename Value="resourcesParser.lpr"/>
        <IsPartOfProject Value="True"/>
      </Unit>
      <Unit>
        <Filename Value="umainform.pas"/>
        <IsPartOfProject Value="True"/>
        <ComponentName Value="MainForm"/>
        <HasResources Value="True"/>
        <ResourceBaseClass Value="Form"/>
        <UnitName Value="UMainForm"/>
      </Unit>
      <Unit>
        <Filename Value="ublockparsing.pas"/>
        <IsPartOfProject Value="True"/>
        <UnitName Value="UBlockParsing"/>
      </Unit>
      <Unit>
        <Filename Value="placeholderReplacers\upowerplaceholders.pas"/>
        <IsPartOfProject Value="True"/>
        <UnitName Value="UPowerPlaceholders"/>
      </Unit>
      <Unit>
        <Filename Value="placeholderReplacers\uplaceholderreplacing.pas"/>
        <IsPartOfProject Value="True"/>
        <UnitName Value="UPlaceholderReplacing"/>
      </Unit>
      <Unit>
        <Filename Value="placeholderReplacers\uplaceholderreplacercommons.pas"/>
        <IsPartOfProject Value="True"/>
        <UnitName Value="UPlaceholderReplacerCommons"/>
      </Unit>
      <Unit>
        <Filename Value="placeholderReplacers\uengineplaceholders.pas"/>
        <IsPartOfProject Value="True"/>
        <UnitName Value="UEnginePlaceholders"/>
      </Unit>
      <Unit>
        <Filename Value="placeholderReplacers\urepairplaceholders.pas"/>
        <IsPartOfProject Value="True"/>
        <UnitName Value="URepairPlaceholders"/>
      </Unit>
      <Unit>
        <Filename Value="placeholderReplacers\uscannerplaceholders.pas"/>
        <IsPartOfProject Value="True"/>
        <UnitName Value="UScannerPlaceholders"/>
      </Unit>
      <Unit>
        <Filename Value="placeholderReplacers\utractorplaceholders.pas"/>
        <IsPartOfProject Value="True"/>
        <UnitName Value="UTractorPlaceholders"/>
      </Unit>
      <Unit>
        <Filename Value="placeholderReplacers\ucloakingdeviceplaceholders.pas"/>
        <IsPartOfProject Value="True"/>
        <UnitName Value="UCloakingDevicePlaceholders"/>
      </Unit>
      <Unit>
        <Filename Value="placeholderReplacers\uarmorplaceholders.pas"/>
        <IsPartOfProject Value="True"/>
        <UnitName Value="UArmorPlaceholders"/>
      </Unit>
      <Unit>
        <Filename Value="placeholderReplacers\ucommodityplaceholders.pas"/>
        <IsPartOfProject Value="True"/>
        <UnitName Value="UCommodityPlaceholders"/>
      </Unit>
      <Unit>
        <Filename Value="placeholderReplacers\uthrusterplaceholders.pas"/>
        <IsPartOfProject Value="True"/>
        <UnitName Value="UThrusterPlaceholders"/>
      </Unit>
      <Unit>
        <Filename Value="placeholderReplacers\ushieldgeneratorplaceholders.pas"/>
        <IsPartOfProject Value="True"/>
        <UnitName Value="UShieldGeneratorPlaceholders"/>
      </Unit>
      <Unit>
        <Filename Value="placeholderReplacers\ucountermeasuredropperplaceholders.pas"/>
        <IsPartOfProject Value="True"/>
        <UnitName Value="UCounterMeasureDropperPlaceholders"/>
      </Unit>
      <Unit>
        <Filename Value="placeholderReplacers\ucountermeasureflareplaceholders.pas"/>
        <IsPartOfProject Value="True"/>
        <UnitName Value="UCounterMeasureFlarePlaceholders"/>
      </Unit>
      <Unit>
        <Filename Value="placeholderReplacers\umunitionplaceholders.pas"/>
        <IsPartOfProject Value="True"/>
        <UnitName Value="UMunitionPlaceholders"/>
      </Unit>
      <Unit>
        <Filename Value="placeholderReplacers\umineplaceholders.pas"/>
        <IsPartOfProject Value="True"/>
        <UnitName Value="UMinePlaceholders"/>
      </Unit>
      <Unit>
        <Filename Value="placeholderReplacers\uminedropperplaceholders.pas"/>
        <IsPartOfProject Value="True"/>
        <UnitName Value="UMineDropperPlaceholders"/>
      </Unit>
      <Unit>
        <Filename Value="placeholderReplacers\uexplosionreplacers.pas"/>
        <IsPartOfProject Value="True"/>
        <UnitName Value="UExplosionReplacers"/>
      </Unit>
      <Unit>
        <Filename Value="placeholderReplacers\uprojectilereplacers.pas"/>
        <IsPartOfProject Value="True"/>
        <UnitName Value="UProjectileReplacers"/>
      </Unit>
      <Unit>
        <Filename Value="placeholderReplacers\ugunplaceholders.pas"/>
        <IsPartOfProject Value="True"/>
        <UnitName Value="UGunPlaceholders"/>
      </Unit>
      <Unit>
        <Filename Value="placeholderReplacers\ushipplaceholders.pas"/>
        <IsPartOfProject Value="True"/>
        <UnitName Value="UShipPlaceholders"/>
      </Unit>
    </Units>
  </ProjectOptions>
  <CompilerOptions>
    <Version Value="11"/>
    <Target>
      <Filename Value="resourcesParser"/>
    </Target>
    <SearchPaths>
      <IncludeFiles Value="$(ProjOutDir)"/>
      <OtherUnitFiles Value="placeholderReplacers"/>
      <UnitOutputDirectory Value="lib/$(TargetCPU)-$(TargetOS)"/>
    </SearchPaths>
    <Parsing>
      <SyntaxOptions>
        <IncludeAssertionCode Value="True"/>
      </SyntaxOptions>
    </Parsing>
    <CodeGeneration>
      <Checks>
        <IOChecks Value="True"/>
        <RangeChecks Value="True"/>
        <OverflowChecks Value="True"/>
        <StackChecks Value="True"/>
      </Checks>
      <VerifyObjMethodCallValidity Value="True"/>
      <TargetCPU Value="x86_64"/>
      <TargetOS Value="linux"/>
    </CodeGeneration>
    <Linking>
      <Debugging>
        <DebugInfoType Value="dsDwarf3"/>
        <UseHeaptrc Value="True"/>
        <TrashVariables Value="True"/>
        <UseExternalDbgSyms Value="True"/>
      </Debugging>
      <Options>
        <Win32>
          <GraphicApplication Value="True"/>
        </Win32>
      </Options>
    </Linking>
  </CompilerOptions>
  <Debugging>
    <Exceptions>
      <Item>
        <Name Value="EAbort"/>
      </Item>
      <Item>
        <Name Value="ECodetoolError"/>
      </Item>
      <Item>
        <Name Value="EFOpenError"/>
      </Item>
    </Exceptions>
  </Debugging>
</CONFIG>
